// !$*UTF8*$!
{
	archiveVersion = 1;
	classes = {
	};
	objectVersion = 50;
	objects = {

/* Begin PBXBuildFile section */
		264D2E8323C7996A0074A167 /* AddTaskViewController.swift in Sources */ = {isa = PBXBuildFile; fileRef = 264D2E8223C7996A0074A167 /* AddTaskViewController.swift */; };
		264D2E8523C799D90074A167 /* TaskLogViewController.swift in Sources */ = {isa = PBXBuildFile; fileRef = 264D2E8423C799D90074A167 /* TaskLogViewController.swift */; };
		264D2EA023CA6FE10074A167 /* ActivityCell.swift in Sources */ = {isa = PBXBuildFile; fileRef = 264D2E9F23CA6FE10074A167 /* ActivityCell.swift */; };
		268A04C323CD791300DD9AD0 /* NoImage.png in Resources */ = {isa = PBXBuildFile; fileRef = 268A04C023CD791200DD9AD0 /* NoImage.png */; };
		268A04C423CD791300DD9AD0 /* NoImage@3x.png in Resources */ = {isa = PBXBuildFile; fileRef = 268A04C123CD791200DD9AD0 /* NoImage@3x.png */; };
		268A04C523CD791300DD9AD0 /* NoImage@2x.png in Resources */ = {isa = PBXBuildFile; fileRef = 268A04C223CD791200DD9AD0 /* NoImage@2x.png */; };
		26CFCA8F23C0EA730069E05D /* AppDelegate.swift in Sources */ = {isa = PBXBuildFile; fileRef = 26CFCA8E23C0EA730069E05D /* AppDelegate.swift */; };
		26CFCA9123C0EA730069E05D /* SceneDelegate.swift in Sources */ = {isa = PBXBuildFile; fileRef = 26CFCA9023C0EA730069E05D /* SceneDelegate.swift */; };
		26CFCA9323C0EA730069E05D /* PlantDetailViewController.swift in Sources */ = {isa = PBXBuildFile; fileRef = 26CFCA9223C0EA730069E05D /* PlantDetailViewController.swift */; };
		26CFCA9623C0EA730069E05D /* Main.storyboard in Resources */ = {isa = PBXBuildFile; fileRef = 26CFCA9423C0EA730069E05D /* Main.storyboard */; };
		26CFCA9923C0EA730069E05D /* Garden_Tracker.xcdatamodeld in Sources */ = {isa = PBXBuildFile; fileRef = 26CFCA9723C0EA730069E05D /* Garden_Tracker.xcdatamodeld */; };
		26CFCA9B23C0EA750069E05D /* Assets.xcassets in Resources */ = {isa = PBXBuildFile; fileRef = 26CFCA9A23C0EA750069E05D /* Assets.xcassets */; };
		26CFCA9E23C0EA750069E05D /* LaunchScreen.storyboard in Resources */ = {isa = PBXBuildFile; fileRef = 26CFCA9C23C0EA750069E05D /* LaunchScreen.storyboard */; };
		26FDBE9023C12BB600BEBA66 /* AddPlantViewController.swift in Sources */ = {isa = PBXBuildFile; fileRef = 26FDBE8F23C12BB600BEBA66 /* AddPlantViewController.swift */; };
		26FDBE9823C2A80600BEBA66 /* Constants.swift in Sources */ = {isa = PBXBuildFile; fileRef = 26FDBE9723C2A80600BEBA66 /* Constants.swift */; };
		26FDBE9A23C3894500BEBA66 /* WeatherManager.swift in Sources */ = {isa = PBXBuildFile; fileRef = 26FDBE9923C3894500BEBA66 /* WeatherManager.swift */; };
		26FDBE9C23C3D69D00BEBA66 /* WeatherData.swift in Sources */ = {isa = PBXBuildFile; fileRef = 26FDBE9B23C3D69D00BEBA66 /* WeatherData.swift */; };
		26FDBE9E23C3E49500BEBA66 /* WeatherModel.swift in Sources */ = {isa = PBXBuildFile; fileRef = 26FDBE9D23C3E49500BEBA66 /* WeatherModel.swift */; };
		26FDBEA223C4495600BEBA66 /* HomeViewController.swift in Sources */ = {isa = PBXBuildFile; fileRef = 26FDBEA123C4495600BEBA66 /* HomeViewController.swift */; };
/* End PBXBuildFile section */

/* Begin PBXFileReference section */
		264D2E8223C7996A0074A167 /* AddTaskViewController.swift */ = {isa = PBXFileReference; lastKnownFileType = sourcecode.swift; name = AddTaskViewController.swift; path = "Garden-Tracker/Views/AddTaskViewController.swift"; sourceTree = SOURCE_ROOT; };
		264D2E8423C799D90074A167 /* TaskLogViewController.swift */ = {isa = PBXFileReference; lastKnownFileType = sourcecode.swift; name = TaskLogViewController.swift; path = "Garden-Tracker/Views/TaskLogViewController.swift"; sourceTree = SOURCE_ROOT; };
		264D2E9F23CA6FE10074A167 /* ActivityCell.swift */ = {isa = PBXFileReference; lastKnownFileType = sourcecode.swift; path = ActivityCell.swift; sourceTree = "<group>"; };
		268A04C023CD791200DD9AD0 /* NoImage.png */ = {isa = PBXFileReference; lastKnownFileType = image.png; path = NoImage.png; sourceTree = "<group>"; };
		268A04C123CD791200DD9AD0 /* NoImage@3x.png */ = {isa = PBXFileReference; lastKnownFileType = image.png; path = "NoImage@3x.png"; sourceTree = "<group>"; };
		268A04C223CD791200DD9AD0 /* NoImage@2x.png */ = {isa = PBXFileReference; lastKnownFileType = image.png; path = "NoImage@2x.png"; sourceTree = "<group>"; };
		26CFCA8B23C0EA730069E05D /* Garden-Tracker.app */ = {isa = PBXFileReference; explicitFileType = wrapper.application; includeInIndex = 0; path = "Garden-Tracker.app"; sourceTree = BUILT_PRODUCTS_DIR; };
		26CFCA8E23C0EA730069E05D /* AppDelegate.swift */ = {isa = PBXFileReference; lastKnownFileType = sourcecode.swift; path = AppDelegate.swift; sourceTree = "<group>"; };
		26CFCA9023C0EA730069E05D /* SceneDelegate.swift */ = {isa = PBXFileReference; lastKnownFileType = sourcecode.swift; path = SceneDelegate.swift; sourceTree = "<group>"; };
		26CFCA9223C0EA730069E05D /* PlantDetailViewController.swift */ = {isa = PBXFileReference; lastKnownFileType = sourcecode.swift; path = PlantDetailViewController.swift; sourceTree = "<group>"; };
		26CFCA9523C0EA730069E05D /* Base */ = {isa = PBXFileReference; lastKnownFileType = file.storyboard; name = Base; path = Base.lproj/Main.storyboard; sourceTree = "<group>"; };
		26CFCA9823C0EA730069E05D /* Garden_Tracker.xcdatamodel */ = {isa = PBXFileReference; lastKnownFileType = wrapper.xcdatamodel; path = Garden_Tracker.xcdatamodel; sourceTree = "<group>"; };
		26CFCA9A23C0EA750069E05D /* Assets.xcassets */ = {isa = PBXFileReference; lastKnownFileType = folder.assetcatalog; path = Assets.xcassets; sourceTree = "<group>"; };
		26CFCA9D23C0EA750069E05D /* Base */ = {isa = PBXFileReference; lastKnownFileType = file.storyboard; name = Base; path = Base.lproj/LaunchScreen.storyboard; sourceTree = "<group>"; };
		26CFCA9F23C0EA750069E05D /* Info.plist */ = {isa = PBXFileReference; lastKnownFileType = text.plist.xml; path = Info.plist; sourceTree = "<group>"; };
		26CFCAA923C0ECC80069E05D /* README.md */ = {isa = PBXFileReference; lastKnownFileType = net.daringfireball.markdown; path = README.md; sourceTree = "<group>"; };
		26FDBE8F23C12BB600BEBA66 /* AddPlantViewController.swift */ = {isa = PBXFileReference; lastKnownFileType = sourcecode.swift; path = AddPlantViewController.swift; sourceTree = "<group>"; };
		26FDBE9723C2A80600BEBA66 /* Constants.swift */ = {isa = PBXFileReference; lastKnownFileType = sourcecode.swift; path = Constants.swift; sourceTree = "<group>"; };
		26FDBE9923C3894500BEBA66 /* WeatherManager.swift */ = {isa = PBXFileReference; lastKnownFileType = sourcecode.swift; path = WeatherManager.swift; sourceTree = "<group>"; };
		26FDBE9B23C3D69D00BEBA66 /* WeatherData.swift */ = {isa = PBXFileReference; lastKnownFileType = sourcecode.swift; path = WeatherData.swift; sourceTree = "<group>"; };
		26FDBE9D23C3E49500BEBA66 /* WeatherModel.swift */ = {isa = PBXFileReference; lastKnownFileType = sourcecode.swift; path = WeatherModel.swift; sourceTree = "<group>"; };
		26FDBEA123C4495600BEBA66 /* HomeViewController.swift */ = {isa = PBXFileReference; lastKnownFileType = sourcecode.swift; path = HomeViewController.swift; sourceTree = "<group>"; };
/* End PBXFileReference section */

/* Begin PBXFrameworksBuildPhase section */
		26CFCA8823C0EA730069E05D /* Frameworks */ = {
			isa = PBXFrameworksBuildPhase;
			buildActionMask = 2147483647;
			files = (
			);
			runOnlyForDeploymentPostprocessing = 0;
		};
/* End PBXFrameworksBuildPhase section */

/* Begin PBXGroup section */
		26CFCA8223C0EA730069E05D = {
			isa = PBXGroup;
			children = (
				26FDBE9723C2A80600BEBA66 /* Constants.swift */,
				26CFCAA923C0ECC80069E05D /* README.md */,
				26CFCA8D23C0EA730069E05D /* Garden-Tracker */,
				26CFCA8C23C0EA730069E05D /* Products */,
			);
			sourceTree = "<group>";
		};
		26CFCA8C23C0EA730069E05D /* Products */ = {
			isa = PBXGroup;
			children = (
				26CFCA8B23C0EA730069E05D /* Garden-Tracker.app */,
			);
			name = Products;
			sourceTree = "<group>";
		};
		26CFCA8D23C0EA730069E05D /* Garden-Tracker */ = {
			isa = PBXGroup;
			children = (
				26CFCA8E23C0EA730069E05D /* AppDelegate.swift */,
				26CFCA9023C0EA730069E05D /* SceneDelegate.swift */,
				26CFCAA623C0EA9D0069E05D /* Data Models */,
				26CFCAA523C0EA850069E05D /* Views */,
				26CFCAA723C0EABA0069E05D /* Controllers */,
				26CFCAA823C0EB5D0069E05D /* Supporting Files */,
				26CFCA9F23C0EA750069E05D /* Info.plist */,
			);
			path = "Garden-Tracker";
			sourceTree = "<group>";
		};
		26CFCAA523C0EA850069E05D /* Views */ = {
			isa = PBXGroup;
			children = (
				26CFCA9C23C0EA750069E05D /* LaunchScreen.storyboard */,
				26CFCA9423C0EA730069E05D /* Main.storyboard */,
			);
			path = Views;
			sourceTree = "<group>";
		};
		26CFCAA623C0EA9D0069E05D /* Data Models */ = {
			isa = PBXGroup;
			children = (
				26CFCA9723C0EA730069E05D /* Garden_Tracker.xcdatamodeld */,
				26FDBE9923C3894500BEBA66 /* WeatherManager.swift */,
				26FDBE9B23C3D69D00BEBA66 /* WeatherData.swift */,
				26FDBE9D23C3E49500BEBA66 /* WeatherModel.swift */,
			);
			path = "Data Models";
			sourceTree = "<group>";
		};
		26CFCAA723C0EABA0069E05D /* Controllers */ = {
			isa = PBXGroup;
			children = (
				264D2E8423C799D90074A167 /* TaskLogViewController.swift */,
				264D2E8223C7996A0074A167 /* AddTaskViewController.swift */,
				26FDBE8F23C12BB600BEBA66 /* AddPlantViewController.swift */,
				26CFCA9223C0EA730069E05D /* PlantDetailViewController.swift */,
				26FDBEA123C4495600BEBA66 /* HomeViewController.swift */,
				264D2E9F23CA6FE10074A167 /* ActivityCell.swift */,
			);
			path = Controllers;
			sourceTree = "<group>";
		};
		26CFCAA823C0EB5D0069E05D /* Supporting Files */ = {
			isa = PBXGroup;
			children = (
				268A04C023CD791200DD9AD0 /* NoImage.png */,
				268A04C223CD791200DD9AD0 /* NoImage@2x.png */,
				268A04C123CD791200DD9AD0 /* NoImage@3x.png */,
				26CFCA9A23C0EA750069E05D /* Assets.xcassets */,
			);
			path = "Supporting Files";
			sourceTree = "<group>";
		};
/* End PBXGroup section */

/* Begin PBXNativeTarget section */
		26CFCA8A23C0EA730069E05D /* Garden-Tracker */ = {
			isa = PBXNativeTarget;
			buildConfigurationList = 26CFCAA223C0EA750069E05D /* Build configuration list for PBXNativeTarget "Garden-Tracker" */;
			buildPhases = (
				26CFCA8723C0EA730069E05D /* Sources */,
				26CFCA8823C0EA730069E05D /* Frameworks */,
				26CFCA8923C0EA730069E05D /* Resources */,
			);
			buildRules = (
			);
			dependencies = (
			);
			name = "Garden-Tracker";
			productName = "Garden-Tracker";
			productReference = 26CFCA8B23C0EA730069E05D /* Garden-Tracker.app */;
			productType = "com.apple.product-type.application";
		};
/* End PBXNativeTarget section */

/* Begin PBXProject section */
		26CFCA8323C0EA730069E05D /* Project object */ = {
			isa = PBXProject;
			attributes = {
				LastSwiftUpdateCheck = 1130;
				LastUpgradeCheck = 1130;
				ORGANIZATIONNAME = "Hallie Johnson";
				TargetAttributes = {
					26CFCA8A23C0EA730069E05D = {
						CreatedOnToolsVersion = 11.3;
					};
				};
			};
			buildConfigurationList = 26CFCA8623C0EA730069E05D /* Build configuration list for PBXProject "Garden-Tracker" */;
			compatibilityVersion = "Xcode 9.3";
			developmentRegion = en;
			hasScannedForEncodings = 0;
			knownRegions = (
				en,
				Base,
			);
			mainGroup = 26CFCA8223C0EA730069E05D;
			productRefGroup = 26CFCA8C23C0EA730069E05D /* Products */;
			projectDirPath = "";
			projectRoot = "";
			targets = (
				26CFCA8A23C0EA730069E05D /* Garden-Tracker */,
			);
		};
/* End PBXProject section */

/* Begin PBXResourcesBuildPhase section */
		26CFCA8923C0EA730069E05D /* Resources */ = {
			isa = PBXResourcesBuildPhase;
			buildActionMask = 2147483647;
			files = (
				268A04C523CD791300DD9AD0 /* NoImage@2x.png in Resources */,
				26CFCA9E23C0EA750069E05D /* LaunchScreen.storyboard in Resources */,
				26CFCA9B23C0EA750069E05D /* Assets.xcassets in Resources */,
				268A04C423CD791300DD9AD0 /* NoImage@3x.png in Resources */,
				26CFCA9623C0EA730069E05D /* Main.storyboard in Resources */,
				268A04C323CD791300DD9AD0 /* NoImage.png in Resources */,
			);
			runOnlyForDeploymentPostprocessing = 0;
		};
/* End PBXResourcesBuildPhase section */

/* Begin PBXSourcesBuildPhase section */
		26CFCA8723C0EA730069E05D /* Sources */ = {
			isa = PBXSourcesBuildPhase;
			buildActionMask = 2147483647;
			files = (
				26FDBE9023C12BB600BEBA66 /* AddPlantViewController.swift in Sources */,
				26FDBE9A23C3894500BEBA66 /* WeatherManager.swift in Sources */,
				264D2E8523C799D90074A167 /* TaskLogViewController.swift in Sources */,
				26CFCA9323C0EA730069E05D /* PlantDetailViewController.swift in Sources */,
				26FDBE9E23C3E49500BEBA66 /* WeatherModel.swift in Sources */,
				26CFCA8F23C0EA730069E05D /* AppDelegate.swift in Sources */,
				26FDBE9823C2A80600BEBA66 /* Constants.swift in Sources */,
				264D2EA023CA6FE10074A167 /* ActivityCell.swift in Sources */,
				264D2E8323C7996A0074A167 /* AddTaskViewController.swift in Sources */,
				26FDBEA223C4495600BEBA66 /* HomeViewController.swift in Sources */,
				26CFCA9123C0EA730069E05D /* SceneDelegate.swift in Sources */,
				26FDBE9C23C3D69D00BEBA66 /* WeatherData.swift in Sources */,
				26CFCA9923C0EA730069E05D /* Garden_Tracker.xcdatamodeld in Sources */,
			);
			runOnlyForDeploymentPostprocessing = 0;
		};
/* End PBXSourcesBuildPhase section */

/* Begin PBXVariantGroup section */
		26CFCA9423C0EA730069E05D /* Main.storyboard */ = {
			isa = PBXVariantGroup;
			children = (
				26CFCA9523C0EA730069E05D /* Base */,
			);
			name = Main.storyboard;
			sourceTree = "<group>";
		};
		26CFCA9C23C0EA750069E05D /* LaunchScreen.storyboard */ = {
			isa = PBXVariantGroup;
			children = (
				26CFCA9D23C0EA750069E05D /* Base */,
			);
			name = LaunchScreen.storyboard;
			sourceTree = "<group>";
		};
/* End PBXVariantGroup section */

/* Begin XCBuildConfiguration section */
		26CFCAA023C0EA750069E05D /* Debug */ = {
			isa = XCBuildConfiguration;
			buildSettings = {
				ALWAYS_SEARCH_USER_PATHS = NO;
				CLANG_ANALYZER_NONNULL = YES;
				CLANG_ANALYZER_NUMBER_OBJECT_CONVERSION = YES_AGGRESSIVE;
				CLANG_CXX_LANGUAGE_STANDARD = "gnu++14";
				CLANG_CXX_LIBRARY = "libc++";
				CLANG_ENABLE_MODULES = YES;
				CLANG_ENABLE_OBJC_ARC = YES;
				CLANG_ENABLE_OBJC_WEAK = YES;
				CLANG_WARN_BLOCK_CAPTURE_AUTORELEASING = YES;
				CLANG_WARN_BOOL_CONVERSION = YES;
				CLANG_WARN_COMMA = YES;
				CLANG_WARN_CONSTANT_CONVERSION = YES;
				CLANG_WARN_DEPRECATED_OBJC_IMPLEMENTATIONS = YES;
				CLANG_WARN_DIRECT_OBJC_ISA_USAGE = YES_ERROR;
				CLANG_WARN_DOCUMENTATION_COMMENTS = YES;
				CLANG_WARN_EMPTY_BODY = YES;
				CLANG_WARN_ENUM_CONVERSION = YES;
				CLANG_WARN_INFINITE_RECURSION = YES;
				CLANG_WARN_INT_CONVERSION = YES;
				CLANG_WARN_NON_LITERAL_NULL_CONVERSION = YES;
				CLANG_WARN_OBJC_IMPLICIT_RETAIN_SELF = YES;
				CLANG_WARN_OBJC_LITERAL_CONVERSION = YES;
				CLANG_WARN_OBJC_ROOT_CLASS = YES_ERROR;
				CLANG_WARN_RANGE_LOOP_ANALYSIS = YES;
				CLANG_WARN_STRICT_PROTOTYPES = YES;
				CLANG_WARN_SUSPICIOUS_MOVE = YES;
				CLANG_WARN_UNGUARDED_AVAILABILITY = YES_AGGRESSIVE;
				CLANG_WARN_UNREACHABLE_CODE = YES;
				CLANG_WARN__DUPLICATE_METHOD_MATCH = YES;
				COPY_PHASE_STRIP = NO;
				DEBUG_INFORMATION_FORMAT = dwarf;
				ENABLE_STRICT_OBJC_MSGSEND = YES;
				ENABLE_TESTABILITY = YES;
				GCC_C_LANGUAGE_STANDARD = gnu11;
				GCC_DYNAMIC_NO_PIC = NO;
				GCC_NO_COMMON_BLOCKS = YES;
				GCC_OPTIMIZATION_LEVEL = 0;
				GCC_PREPROCESSOR_DEFINITIONS = (
					"DEBUG=1",
					"$(inherited)",
				);
				GCC_WARN_64_TO_32_BIT_CONVERSION = YES;
				GCC_WARN_ABOUT_RETURN_TYPE = YES_ERROR;
				GCC_WARN_UNDECLARED_SELECTOR = YES;
				GCC_WARN_UNINITIALIZED_AUTOS = YES_AGGRESSIVE;
				GCC_WARN_UNUSED_FUNCTION = YES;
				GCC_WARN_UNUSED_VARIABLE = YES;
				IPHONEOS_DEPLOYMENT_TARGET = 13.2;
				MTL_ENABLE_DEBUG_INFO = INCLUDE_SOURCE;
				MTL_FAST_MATH = YES;
				ONLY_ACTIVE_ARCH = YES;
				SDKROOT = iphoneos;
				SWIFT_ACTIVE_COMPILATION_CONDITIONS = DEBUG;
				SWIFT_OPTIMIZATION_LEVEL = "-Onone";
			};
			name = Debug;
		};
		26CFCAA123C0EA750069E05D /* Release */ = {
			isa = XCBuildConfiguration;
			buildSettings = {
				ALWAYS_SEARCH_USER_PATHS = NO;
				CLANG_ANALYZER_NONNULL = YES;
				CLANG_ANALYZER_NUMBER_OBJECT_CONVERSION = YES_AGGRESSIVE;
				CLANG_CXX_LANGUAGE_STANDARD = "gnu++14";
				CLANG_CXX_LIBRARY = "libc++";
				CLANG_ENABLE_MODULES = YES;
				CLANG_ENABLE_OBJC_ARC = YES;
				CLANG_ENABLE_OBJC_WEAK = YES;
				CLANG_WARN_BLOCK_CAPTURE_AUTORELEASING = YES;
				CLANG_WARN_BOOL_CONVERSION = YES;
				CLANG_WARN_COMMA = YES;
				CLANG_WARN_CONSTANT_CONVERSION = YES;
				CLANG_WARN_DEPRECATED_OBJC_IMPLEMENTATIONS = YES;
				CLANG_WARN_DIRECT_OBJC_ISA_USAGE = YES_ERROR;
				CLANG_WARN_DOCUMENTATION_COMMENTS = YES;
				CLANG_WARN_EMPTY_BODY = YES;
				CLANG_WARN_ENUM_CONVERSION = YES;
				CLANG_WARN_INFINITE_RECURSION = YES;
				CLANG_WARN_INT_CONVERSION = YES;
				CLANG_WARN_NON_LITERAL_NULL_CONVERSION = YES;
				CLANG_WARN_OBJC_IMPLICIT_RETAIN_SELF = YES;
				CLANG_WARN_OBJC_LITERAL_CONVERSION = YES;
				CLANG_WARN_OBJC_ROOT_CLASS = YES_ERROR;
				CLANG_WARN_RANGE_LOOP_ANALYSIS = YES;
				CLANG_WARN_STRICT_PROTOTYPES = YES;
				CLANG_WARN_SUSPICIOUS_MOVE = YES;
				CLANG_WARN_UNGUARDED_AVAILABILITY = YES_AGGRESSIVE;
				CLANG_WARN_UNREACHABLE_CODE = YES;
				CLANG_WARN__DUPLICATE_METHOD_MATCH = YES;
				COPY_PHASE_STRIP = NO;
				DEBUG_INFORMATION_FORMAT = "dwarf-with-dsym";
				ENABLE_NS_ASSERTIONS = NO;
				ENABLE_STRICT_OBJC_MSGSEND = YES;
				GCC_C_LANGUAGE_STANDARD = gnu11;
				GCC_NO_COMMON_BLOCKS = YES;
				GCC_WARN_64_TO_32_BIT_CONVERSION = YES;
				GCC_WARN_ABOUT_RETURN_TYPE = YES_ERROR;
				GCC_WARN_UNDECLARED_SELECTOR = YES;
				GCC_WARN_UNINITIALIZED_AUTOS = YES_AGGRESSIVE;
				GCC_WARN_UNUSED_FUNCTION = YES;
				GCC_WARN_UNUSED_VARIABLE = YES;
				IPHONEOS_DEPLOYMENT_TARGET = 13.2;
				MTL_ENABLE_DEBUG_INFO = NO;
				MTL_FAST_MATH = YES;
				SDKROOT = iphoneos;
				SWIFT_COMPILATION_MODE = wholemodule;
				SWIFT_OPTIMIZATION_LEVEL = "-O";
				VALIDATE_PRODUCT = YES;
			};
			name = Release;
		};
		26CFCAA323C0EA750069E05D /* Debug */ = {
			isa = XCBuildConfiguration;
			buildSettings = {
				ASSETCATALOG_COMPILER_APPICON_NAME = AppIcon;
				CODE_SIGN_STYLE = Automatic;
				DEVELOPMENT_TEAM = JV77QXSA4C;
				INFOPLIST_FILE = "Garden-Tracker/Info.plist";
				LD_RUNPATH_SEARCH_PATHS = (
					"$(inherited)",
					"@executable_path/Frameworks",
				);
				PRODUCT_BUNDLE_IDENTIFIER = "com.Hallie.Garden-Tracker";
				PRODUCT_NAME = "$(TARGET_NAME)";
				SWIFT_VERSION = 5.0;
				TARGETED_DEVICE_FAMILY = "1,2";
			};
			name = Debug;
		};
		26CFCAA423C0EA750069E05D /* Release */ = {
			isa = XCBuildConfiguration;
			buildSettings = {
				ASSETCATALOG_COMPILER_APPICON_NAME = AppIcon;
				CODE_SIGN_STYLE = Automatic;
				DEVELOPMENT_TEAM = JV77QXSA4C;
				INFOPLIST_FILE = "Garden-Tracker/Info.plist";
				LD_RUNPATH_SEARCH_PATHS = (
					"$(inherited)",
					"@executable_path/Frameworks",
				);
				PRODUCT_BUNDLE_IDENTIFIER = "com.Hallie.Garden-Tracker";
				PRODUCT_NAME = "$(TARGET_NAME)";
				SWIFT_VERSION = 5.0;
				TARGETED_DEVICE_FAMILY = "1,2";
			};
			name = Release;
		};
/* End XCBuildConfiguration section */

/* Begin XCConfigurationList section */
		26CFCA8623C0EA730069E05D /* Build configuration list for PBXProject "Garden-Tracker" */ = {
			isa = XCConfigurationList;
			buildConfigurations = (
				26CFCAA023C0EA750069E05D /* Debug */,
				26CFCAA123C0EA750069E05D /* Release */,
			);
			defaultConfigurationIsVisible = 0;
			defaultConfigurationName = Release;
		};
		26CFCAA223C0EA750069E05D /* Build configuration list for PBXNativeTarget "Garden-Tracker" */ = {
			isa = XCConfigurationList;
			buildConfigurations = (
				26CFCAA323C0EA750069E05D /* Debug */,
				26CFCAA423C0EA750069E05D /* Release */,
			);
			defaultConfigurationIsVisible = 0;
			defaultConfigurationName = Release;
		};
/* End XCConfigurationList section */

/* Begin XCVersionGroup section */
		26CFCA9723C0EA730069E05D /* Garden_Tracker.xcdatamodeld */ = {
			isa = XCVersionGroup;
			children = (
				26CFCA9823C0EA730069E05D /* Garden_Tracker.xcdatamodel */,
			);
			currentVersion = 26CFCA9823C0EA730069E05D /* Garden_Tracker.xcdatamodel */;
			path = Garden_Tracker.xcdatamodeld;
			sourceTree = "<group>";
			versionGroupType = wrapper.xcdatamodel;
		};
/* End XCVersionGroup section */
	};
	rootObject = 26CFCA8323C0EA730069E05D /* Project object */;
}
